
Microsoft Visual Studio Solution File, Format Version 12.00
# Visual Studio Version 17
VisualStudioVersion = 17.11.35312.102
MinimumVisualStudioVersion = 10.0.40219.1
Project("{FAE04EC0-301F-11D3-BF4B-00C04F79EFBC}") = "Shared.NuGet.Extensions", "Shared.NuGet.Extensions\Shared.NuGet.Extensions.csproj", "{51686874-8C85-41FC-87BF-9CD58AE908C9}"
EndProject
Project("{FAE04EC0-301F-11D3-BF4B-00C04F79EFBC}") = "Shared.NuGet.CallResults", "Shared.NuGet.CallResults\Shared.NuGet.CallResults.csproj", "{F4C16763-09A4-41F3-A3FF-AE29730C9FAC}"
EndProject
Project("{FAE04EC0-301F-11D3-BF4B-00C04F79EFBC}") = "Shared.NuGet.CallResults.Validation", "Shared.NuGet.CallResults.Validation\Shared.NuGet.CallResults.Validation.csproj", "{C85723FB-ABEA-42C3-8B04-86B08BF05D15}"
EndProject
Global
	GlobalSection(SolutionConfigurationPlatforms) = preSolution
		Debug|Any CPU = Debug|Any CPU
		Release|Any CPU = Release|Any CPU
	EndGlobalSection
	GlobalSection(ProjectConfigurationPlatforms) = postSolution
		{51686874-8C85-41FC-87BF-9CD58AE908C9}.Debug|Any CPU.ActiveCfg = Debug|Any CPU
		{51686874-8C85-41FC-87BF-9CD58AE908C9}.Debug|Any CPU.Build.0 = Debug|Any CPU
		{51686874-8C85-41FC-87BF-9CD58AE908C9}.Release|Any CPU.ActiveCfg = Release|Any CPU
		{51686874-8C85-41FC-87BF-9CD58AE908C9}.Release|Any CPU.Build.0 = Release|Any CPU
		{F4C16763-09A4-41F3-A3FF-AE29730C9FAC}.Debug|Any CPU.ActiveCfg = Debug|Any CPU
		{F4C16763-09A4-41F3-A3FF-AE29730C9FAC}.Debug|Any CPU.Build.0 = Debug|Any CPU
		{F4C16763-09A4-41F3-A3FF-AE29730C9FAC}.Release|Any CPU.ActiveCfg = Release|Any CPU
		{F4C16763-09A4-41F3-A3FF-AE29730C9FAC}.Release|Any CPU.Build.0 = Release|Any CPU
		{C85723FB-ABEA-42C3-8B04-86B08BF05D15}.Debug|Any CPU.ActiveCfg = Debug|Any CPU
		{C85723FB-ABEA-42C3-8B04-86B08BF05D15}.Debug|Any CPU.Build.0 = Debug|Any CPU
		{C85723FB-ABEA-42C3-8B04-86B08BF05D15}.Release|Any CPU.ActiveCfg = Release|Any CPU
		{C85723FB-ABEA-42C3-8B04-86B08BF05D15}.Release|Any CPU.Build.0 = Release|Any CPU
	EndGlobalSection
	GlobalSection(SolutionProperties) = preSolution
		HideSolutionNode = FALSE
	EndGlobalSection
	GlobalSection(ExtensibilityGlobals) = postSolution
		SolutionGuid = {E25FA4DC-A5B2-43F1-A84B-D237DB3900B1}
	EndGlobalSection
EndGlobal
